
Microsoft Visual Studio Solution File, Format Version 12.00
# Visual Studio Version 17
VisualStudioVersion = 17.7.34031.279
MinimumVisualStudioVersion = 10.0.40219.1
Project("{8BC9CEB8-8B4A-11D0-8D11-00A0C91BC942}") = "SmallBank", "SmallBank\SmallBank.vcxproj", "{568EF687-7EC6-44A3-A6A4-C258873E2EB5}"
EndProject
Global
	GlobalSection(SolutionConfigurationPlatforms) = preSolution
		Debug|x64 = Debug|x64
		Debug|x86 = Debug|x86
		Release|x64 = Release|x64
		Release|x86 = Release|x86
	EndGlobalSection
	GlobalSection(ProjectConfigurationPlatforms) = postSolution
		{568EF687-7EC6-44A3-A6A4-C258873E2EB5}.Debug|x64.ActiveCfg = Debug|x64
		{568EF687-7EC6-44A3-A6A4-C258873E2EB5}.Debug|x64.Build.0 = Debug|x64
		{568EF687-7EC6-44A3-A6A4-C258873E2EB5}.Debug|x86.ActiveCfg = Debug|Win32
		{568EF687-7EC6-44A3-A6A4-C258873E2EB5}.Debug|x86.Build.0 = Debug|Win32
		{568EF687-7EC6-44A3-A6A4-C258873E2EB5}.Release|x64.ActiveCfg = Release|x64
		{568EF687-7EC6-44A3-A6A4-C258873E2EB5}.Release|x64.Build.0 = Release|x64
		{568EF687-7EC6-44A3-A6A4-C258873E2EB5}.Release|x86.ActiveCfg = Release|Win32
		{568EF687-7EC6-44A3-A6A4-C258873E2EB5}.Release|x86.Build.0 = Release|Win32
	EndGlobalSection
	GlobalSection(SolutionProperties) = preSolution
		HideSolutionNode = FALSE
	EndGlobalSection
	GlobalSection(ExtensibilityGlobals) = postSolution
		SolutionGuid = {F57B52E4-4EEC-4CCE-8E8D-47E58A4F3CB8}
	EndGlobalSection
EndGlobal
